
Microsoft Visual Studio Solution File, Format Version 12.00
# Visual Studio Version 17
VisualStudioVersion = 17.8.34601.278
MinimumVisualStudioVersion = 10.0.40219.1
Project("{9A19103F-16F7-4668-BE54-9A1E7A4F7556}") = "Parking_Zone.MVC", "ParkingZone\Parking_Zone.MVC.csproj", "{4EEE2CFB-68C0-433E-B8B3-3F39ED4124D9}"
EndProject
Project("{9A19103F-16F7-4668-BE54-9A1E7A4F7556}") = "Parking_Zone.Domain", "ParkingZone.Domain\Parking_Zone.Domain.csproj", "{E5DF1BFB-4EA0-42D8-AB04-2A7A56FFD278}"
EndProject
Project("{9A19103F-16F7-4668-BE54-9A1E7A4F7556}") = "Parking_Zone.Data", "ParkingZone.Data\Parking_Zone.Data.csproj", "{97CE73AF-E355-4AC5-ABA3-691C8FCEFEE5}"
EndProject
Project("{FAE04EC0-301F-11D3-BF4B-00C04F79EFBC}") = "Parking_Zone.Service", "Parking_Zone.Service\Parking_Zone.Service.csproj", "{8B177417-E77B-4996-BA5D-83E0765C292B}"
EndProject
Global
	GlobalSection(SolutionConfigurationPlatforms) = preSolution
		Debug|Any CPU = Debug|Any CPU
		Release|Any CPU = Release|Any CPU
	EndGlobalSection
	GlobalSection(ProjectConfigurationPlatforms) = postSolution
		{4EEE2CFB-68C0-433E-B8B3-3F39ED4124D9}.Debug|Any CPU.ActiveCfg = Debug|Any CPU
		{4EEE2CFB-68C0-433E-B8B3-3F39ED4124D9}.Debug|Any CPU.Build.0 = Debug|Any CPU
		{4EEE2CFB-68C0-433E-B8B3-3F39ED4124D9}.Release|Any CPU.ActiveCfg = Release|Any CPU
		{4EEE2CFB-68C0-433E-B8B3-3F39ED4124D9}.Release|Any CPU.Build.0 = Release|Any CPU
		{E5DF1BFB-4EA0-42D8-AB04-2A7A56FFD278}.Debug|Any CPU.ActiveCfg = Debug|Any CPU
		{E5DF1BFB-4EA0-42D8-AB04-2A7A56FFD278}.Debug|Any CPU.Build.0 = Debug|Any CPU
		{E5DF1BFB-4EA0-42D8-AB04-2A7A56FFD278}.Release|Any CPU.ActiveCfg = Release|Any CPU
		{E5DF1BFB-4EA0-42D8-AB04-2A7A56FFD278}.Release|Any CPU.Build.0 = Release|Any CPU
		{97CE73AF-E355-4AC5-ABA3-691C8FCEFEE5}.Debug|Any CPU.ActiveCfg = Debug|Any CPU
		{97CE73AF-E355-4AC5-ABA3-691C8FCEFEE5}.Debug|Any CPU.Build.0 = Debug|Any CPU
		{97CE73AF-E355-4AC5-ABA3-691C8FCEFEE5}.Release|Any CPU.ActiveCfg = Release|Any CPU
		{97CE73AF-E355-4AC5-ABA3-691C8FCEFEE5}.Release|Any CPU.Build.0 = Release|Any CPU
		{8B177417-E77B-4996-BA5D-83E0765C292B}.Debug|Any CPU.ActiveCfg = Debug|Any CPU
		{8B177417-E77B-4996-BA5D-83E0765C292B}.Debug|Any CPU.Build.0 = Debug|Any CPU
		{8B177417-E77B-4996-BA5D-83E0765C292B}.Release|Any CPU.ActiveCfg = Release|Any CPU
		{8B177417-E77B-4996-BA5D-83E0765C292B}.Release|Any CPU.Build.0 = Release|Any CPU
	EndGlobalSection
	GlobalSection(SolutionProperties) = preSolution
		HideSolutionNode = FALSE
	EndGlobalSection
	GlobalSection(ExtensibilityGlobals) = postSolution
		SolutionGuid = {33600B84-0853-4C8A-B1B4-280618FA825C}
	EndGlobalSection
EndGlobal
